PODS:
  - Alamofire (4.8.2)
  - PINCache (2.3)
  - PINOperation (1.1.1)
  - SnapSDK/SCSDKBitmojiKit (1.2.2):
    - PINCache (< 3.1, >= 2.3)
    - PINOperation (~> 1.1)
  - SnapSDK/SCSDKCreativeKit (1.2.2)
  - SnapSDK/SCSDKLoginKit (1.2.2)
  - SwiftyJSON (4.3.0)

DEPENDENCIES:
  - Alamofire
  - SnapSDK/SCSDKBitmojiKit
  - SnapSDK/SCSDKCreativeKit
  - SnapSDK/SCSDKLoginKit
  - SwiftyJSON

SPEC REPOS:
  https://github.com/cocoapods/specs.git:
    - Alamofire
    - PINCache
    - PINOperation
    - SnapSDK
    - SwiftyJSON

SPEC CHECKSUMS:
  Alamofire: ae5c501addb7afdbb13687d7f2f722c78734c2d3
  PINCache: ce36ed282031b92fc7733ffe831f474ff80fddc2
  PINOperation: a6219e6fc9db9c269eb7a7b871ac193bcf400aac
  SnapSDK: 16d505e0e5a9340c49ce767f3131f4af76fe29e8
  SwiftyJSON: 6faa0040f8b59dead0ee07436cbf76b73c08fd08

PODFILE CHECKSUM: 4cbd94bae526106a0ed4a6117c53e775f57c3409

COCOAPODS: 1.7.0.beta.3
